
Microsoft Visual Studio Solution File, Format Version 12.00
# Visual Studio Version 16
VisualStudioVersion = 16.0.29613.14
MinimumVisualStudioVersion = 10.0.40219.1
Project("{9A19103F-16F7-4668-BE54-9A1E7A4F7556}") = "ERP.Contracts", "ERP.Contracts\ERP.Contracts.csproj", "{073921E0-4D50-49F6-89D1-48DABA7E5C93}"
EndProject
Project("{2150E333-8FDC-42A3-9474-1A3956D46DE8}") = "Server", "Server", "{475444BB-2A5C-44DE-82B4-3A938D7FAA00}"
EndProject
Project("{2150E333-8FDC-42A3-9474-1A3956D46DE8}") = "Client", "Client", "{519B9C47-46C5-4AAC-B501-CED2F1E01443}"
EndProject
Project("{2150E333-8FDC-42A3-9474-1A3956D46DE8}") = "Shared", "Shared", "{C3A99C69-084F-4A86-848D-451E27238F92}"
EndProject
Project("{FAE04EC0-301F-11D3-BF4B-00C04F79EFBC}") = "ERP.Server.Host", "ERP.Server.Host\ERP.Server.Host.csproj", "{2EE8AF79-22D5-4444-887C-D315F3EE5A45}"
EndProject
Project("{FAE04EC0-301F-11D3-BF4B-00C04F79EFBC}") = "ERP.Client.Startup", "ERP.Client.Startup\ERP.Client.Startup.csproj", "{5BC2D854-D8DE-48EB-A42D-738F088D05A5}"
EndProject
Project("{FAE04EC0-301F-11D3-BF4B-00C04F79EFBC}") = "ERP.Client", "ERP.Client\ERP.Client.csproj", "{BFF38513-F196-4C54-9896-FA883AA345A8}"
EndProject
Project("{FAE04EC0-301F-11D3-BF4B-00C04F79EFBC}") = "ERP.Server.Entities", "ERP.Server.Entities\ERP.Server.Entities.csproj", "{6B454204-2CF9-471F-BFF0-BA7575342664}"
EndProject
Global
	GlobalSection(SolutionConfigurationPlatforms) = preSolution
		Debug|Any CPU = Debug|Any CPU
		Debug|ARM = Debug|ARM
		Debug|ARM64 = Debug|ARM64
		Debug|x64 = Debug|x64
		Debug|x86 = Debug|x86
		Release|Any CPU = Release|Any CPU
		Release|ARM = Release|ARM
		Release|ARM64 = Release|ARM64
		Release|x64 = Release|x64
		Release|x86 = Release|x86
	EndGlobalSection
	GlobalSection(ProjectConfigurationPlatforms) = postSolution
		{073921E0-4D50-49F6-89D1-48DABA7E5C93}.Debug|Any CPU.ActiveCfg = Debug|Any CPU
		{073921E0-4D50-49F6-89D1-48DABA7E5C93}.Debug|Any CPU.Build.0 = Debug|Any CPU
		{073921E0-4D50-49F6-89D1-48DABA7E5C93}.Debug|ARM.ActiveCfg = Debug|Any CPU
		{073921E0-4D50-49F6-89D1-48DABA7E5C93}.Debug|ARM.Build.0 = Debug|Any CPU
		{073921E0-4D50-49F6-89D1-48DABA7E5C93}.Debug|ARM64.ActiveCfg = Debug|Any CPU
		{073921E0-4D50-49F6-89D1-48DABA7E5C93}.Debug|ARM64.Build.0 = Debug|Any CPU
		{073921E0-4D50-49F6-89D1-48DABA7E5C93}.Debug|x64.ActiveCfg = Debug|Any CPU
		{073921E0-4D50-49F6-89D1-48DABA7E5C93}.Debug|x64.Build.0 = Debug|Any CPU
		{073921E0-4D50-49F6-89D1-48DABA7E5C93}.Debug|x86.ActiveCfg = Debug|Any CPU
		{073921E0-4D50-49F6-89D1-48DABA7E5C93}.Debug|x86.Build.0 = Debug|Any CPU
		{073921E0-4D50-49F6-89D1-48DABA7E5C93}.Release|Any CPU.ActiveCfg = Release|Any CPU
		{073921E0-4D50-49F6-89D1-48DABA7E5C93}.Release|Any CPU.Build.0 = Release|Any CPU
		{073921E0-4D50-49F6-89D1-48DABA7E5C93}.Release|ARM.ActiveCfg = Release|Any CPU
		{073921E0-4D50-49F6-89D1-48DABA7E5C93}.Release|ARM.Build.0 = Release|Any CPU
		{073921E0-4D50-49F6-89D1-48DABA7E5C93}.Release|ARM64.ActiveCfg = Release|Any CPU
		{073921E0-4D50-49F6-89D1-48DABA7E5C93}.Release|ARM64.Build.0 = Release|Any CPU
		{073921E0-4D50-49F6-89D1-48DABA7E5C93}.Release|x64.ActiveCfg = Release|Any CPU
		{073921E0-4D50-49F6-89D1-48DABA7E5C93}.Release|x64.Build.0 = Release|Any CPU
		{073921E0-4D50-49F6-89D1-48DABA7E5C93}.Release|x86.ActiveCfg = Release|Any CPU
		{073921E0-4D50-49F6-89D1-48DABA7E5C93}.Release|x86.Build.0 = Release|Any CPU
		{2EE8AF79-22D5-4444-887C-D315F3EE5A45}.Debug|Any CPU.ActiveCfg = Debug|Any CPU
		{2EE8AF79-22D5-4444-887C-D315F3EE5A45}.Debug|Any CPU.Build.0 = Debug|Any CPU
		{2EE8AF79-22D5-4444-887C-D315F3EE5A45}.Debug|ARM.ActiveCfg = Debug|Any CPU
		{2EE8AF79-22D5-4444-887C-D315F3EE5A45}.Debug|ARM.Build.0 = Debug|Any CPU
		{2EE8AF79-22D5-4444-887C-D315F3EE5A45}.Debug|ARM64.ActiveCfg = Debug|Any CPU
		{2EE8AF79-22D5-4444-887C-D315F3EE5A45}.Debug|ARM64.Build.0 = Debug|Any CPU
		{2EE8AF79-22D5-4444-887C-D315F3EE5A45}.Debug|x64.ActiveCfg = Debug|Any CPU
		{2EE8AF79-22D5-4444-887C-D315F3EE5A45}.Debug|x64.Build.0 = Debug|Any CPU
		{2EE8AF79-22D5-4444-887C-D315F3EE5A45}.Debug|x86.ActiveCfg = Debug|Any CPU
		{2EE8AF79-22D5-4444-887C-D315F3EE5A45}.Debug|x86.Build.0 = Debug|Any CPU
		{2EE8AF79-22D5-4444-887C-D315F3EE5A45}.Release|Any CPU.ActiveCfg = Release|Any CPU
		{2EE8AF79-22D5-4444-887C-D315F3EE5A45}.Release|Any CPU.Build.0 = Release|Any CPU
		{2EE8AF79-22D5-4444-887C-D315F3EE5A45}.Release|ARM.ActiveCfg = Release|Any CPU
		{2EE8AF79-22D5-4444-887C-D315F3EE5A45}.Release|ARM.Build.0 = Release|Any CPU
		{2EE8AF79-22D5-4444-887C-D315F3EE5A45}.Release|ARM64.ActiveCfg = Release|Any CPU
		{2EE8AF79-22D5-4444-887C-D315F3EE5A45}.Release|ARM64.Build.0 = Release|Any CPU
		{2EE8AF79-22D5-4444-887C-D315F3EE5A45}.Release|x64.ActiveCfg = Release|Any CPU
		{2EE8AF79-22D5-4444-887C-D315F3EE5A45}.Release|x64.Build.0 = Release|Any CPU
		{2EE8AF79-22D5-4444-887C-D315F3EE5A45}.Release|x86.ActiveCfg = Release|Any CPU
		{2EE8AF79-22D5-4444-887C-D315F3EE5A45}.Release|x86.Build.0 = Release|Any CPU
		{5BC2D854-D8DE-48EB-A42D-738F088D05A5}.Debug|Any CPU.ActiveCfg = Debug|x86
		{5BC2D854-D8DE-48EB-A42D-738F088D05A5}.Debug|ARM.ActiveCfg = Debug|ARM
		{5BC2D854-D8DE-48EB-A42D-738F088D05A5}.Debug|ARM.Build.0 = Debug|ARM
		{5BC2D854-D8DE-48EB-A42D-738F088D05A5}.Debug|ARM.Deploy.0 = Debug|ARM
		{5BC2D854-D8DE-48EB-A42D-738F088D05A5}.Debug|ARM64.ActiveCfg = Debug|ARM64
		{5BC2D854-D8DE-48EB-A42D-738F088D05A5}.Debug|ARM64.Build.0 = Debug|ARM64
		{5BC2D854-D8DE-48EB-A42D-738F088D05A5}.Debug|ARM64.Deploy.0 = Debug|ARM64
		{5BC2D854-D8DE-48EB-A42D-738F088D05A5}.Debug|x64.ActiveCfg = Debug|x64
		{5BC2D854-D8DE-48EB-A42D-738F088D05A5}.Debug|x64.Build.0 = Debug|x64
		{5BC2D854-D8DE-48EB-A42D-738F088D05A5}.Debug|x64.Deploy.0 = Debug|x64
		{5BC2D854-D8DE-48EB-A42D-738F088D05A5}.Debug|x86.ActiveCfg = Debug|x86
		{5BC2D854-D8DE-48EB-A42D-738F088D05A5}.Debug|x86.Build.0 = Debug|x86
		{5BC2D854-D8DE-48EB-A42D-738F088D05A5}.Debug|x86.Deploy.0 = Debug|x86
		{5BC2D854-D8DE-48EB-A42D-738F088D05A5}.Release|Any CPU.ActiveCfg = Release|x86
		{5BC2D854-D8DE-48EB-A42D-738F088D05A5}.Release|ARM.ActiveCfg = Release|ARM
		{5BC2D854-D8DE-48EB-A42D-738F088D05A5}.Release|ARM.Build.0 = Release|ARM
		{5BC2D854-D8DE-48EB-A42D-738F088D05A5}.Release|ARM.Deploy.0 = Release|ARM
		{5BC2D854-D8DE-48EB-A42D-738F088D05A5}.Release|ARM64.ActiveCfg = Release|ARM64
		{5BC2D854-D8DE-48EB-A42D-738F088D05A5}.Release|ARM64.Build.0 = Release|ARM64
		{5BC2D854-D8DE-48EB-A42D-738F088D05A5}.Release|ARM64.Deploy.0 = Release|ARM64
		{5BC2D854-D8DE-48EB-A42D-738F088D05A5}.Release|x64.ActiveCfg = Release|x64
		{5BC2D854-D8DE-48EB-A42D-738F088D05A5}.Release|x64.Build.0 = Release|x64
		{5BC2D854-D8DE-48EB-A42D-738F088D05A5}.Release|x64.Deploy.0 = Release|x64
		{5BC2D854-D8DE-48EB-A42D-738F088D05A5}.Release|x86.ActiveCfg = Release|x86
		{5BC2D854-D8DE-48EB-A42D-738F088D05A5}.Release|x86.Build.0 = Release|x86
		{5BC2D854-D8DE-48EB-A42D-738F088D05A5}.Release|x86.Deploy.0 = Release|x86
		{BFF38513-F196-4C54-9896-FA883AA345A8}.Debug|Any CPU.ActiveCfg = Debug|Any CPU
		{BFF38513-F196-4C54-9896-FA883AA345A8}.Debug|Any CPU.Build.0 = Debug|Any CPU
		{BFF38513-F196-4C54-9896-FA883AA345A8}.Debug|ARM.ActiveCfg = Debug|ARM
		{BFF38513-F196-4C54-9896-FA883AA345A8}.Debug|ARM.Build.0 = Debug|ARM
		{BFF38513-F196-4C54-9896-FA883AA345A8}.Debug|ARM64.ActiveCfg = Debug|ARM64
		{BFF38513-F196-4C54-9896-FA883AA345A8}.Debug|ARM64.Build.0 = Debug|ARM64
		{BFF38513-F196-4C54-9896-FA883AA345A8}.Debug|x64.ActiveCfg = Debug|x64
		{BFF38513-F196-4C54-9896-FA883AA345A8}.Debug|x64.Build.0 = Debug|x64
		{BFF38513-F196-4C54-9896-FA883AA345A8}.Debug|x86.ActiveCfg = Debug|x86
		{BFF38513-F196-4C54-9896-FA883AA345A8}.Debug|x86.Build.0 = Debug|x86
		{BFF38513-F196-4C54-9896-FA883AA345A8}.Release|Any CPU.ActiveCfg = Release|Any CPU
		{BFF38513-F196-4C54-9896-FA883AA345A8}.Release|Any CPU.Build.0 = Release|Any CPU
		{BFF38513-F196-4C54-9896-FA883AA345A8}.Release|ARM.ActiveCfg = Release|ARM
		{BFF38513-F196-4C54-9896-FA883AA345A8}.Release|ARM.Build.0 = Release|ARM
		{BFF38513-F196-4C54-9896-FA883AA345A8}.Release|ARM64.ActiveCfg = Release|ARM64
		{BFF38513-F196-4C54-9896-FA883AA345A8}.Release|ARM64.Build.0 = Release|ARM64
		{BFF38513-F196-4C54-9896-FA883AA345A8}.Release|x64.ActiveCfg = Release|x64
		{BFF38513-F196-4C54-9896-FA883AA345A8}.Release|x64.Build.0 = Release|x64
		{BFF38513-F196-4C54-9896-FA883AA345A8}.Release|x86.ActiveCfg = Release|x86
		{BFF38513-F196-4C54-9896-FA883AA345A8}.Release|x86.Build.0 = Release|x86
		{6B454204-2CF9-471F-BFF0-BA7575342664}.Debug|Any CPU.ActiveCfg = Debug|Any CPU
		{6B454204-2CF9-471F-BFF0-BA7575342664}.Debug|Any CPU.Build.0 = Debug|Any CPU
		{6B454204-2CF9-471F-BFF0-BA7575342664}.Debug|ARM.ActiveCfg = Debug|Any CPU
		{6B454204-2CF9-471F-BFF0-BA7575342664}.Debug|ARM.Build.0 = Debug|Any CPU
		{6B454204-2CF9-471F-BFF0-BA7575342664}.Debug|ARM64.ActiveCfg = Debug|Any CPU
		{6B454204-2CF9-471F-BFF0-BA7575342664}.Debug|ARM64.Build.0 = Debug|Any CPU
		{6B454204-2CF9-471F-BFF0-BA7575342664}.Debug|x64.ActiveCfg = Debug|Any CPU
		{6B454204-2CF9-471F-BFF0-BA7575342664}.Debug|x64.Build.0 = Debug|Any CPU
		{6B454204-2CF9-471F-BFF0-BA7575342664}.Debug|x86.ActiveCfg = Debug|Any CPU
		{6B454204-2CF9-471F-BFF0-BA7575342664}.Debug|x86.Build.0 = Debug|Any CPU
		{6B454204-2CF9-471F-BFF0-BA7575342664}.Release|Any CPU.ActiveCfg = Release|Any CPU
		{6B454204-2CF9-471F-BFF0-BA7575342664}.Release|Any CPU.Build.0 = Release|Any CPU
		{6B454204-2CF9-471F-BFF0-BA7575342664}.Release|ARM.ActiveCfg = Release|Any CPU
		{6B454204-2CF9-471F-BFF0-BA7575342664}.Release|ARM.Build.0 = Release|Any CPU
		{6B454204-2CF9-471F-BFF0-BA7575342664}.Release|ARM64.ActiveCfg = Release|Any CPU
		{6B454204-2CF9-471F-BFF0-BA7575342664}.Release|ARM64.Build.0 = Release|Any CPU
		{6B454204-2CF9-471F-BFF0-BA7575342664}.Release|x64.ActiveCfg = Release|Any CPU
		{6B454204-2CF9-471F-BFF0-BA7575342664}.Release|x64.Build.0 = Release|Any CPU
		{6B454204-2CF9-471F-BFF0-BA7575342664}.Release|x86.ActiveCfg = Release|Any CPU
		{6B454204-2CF9-471F-BFF0-BA7575342664}.Release|x86.Build.0 = Release|Any CPU
	EndGlobalSection
	GlobalSection(SolutionProperties) = preSolution
		HideSolutionNode = FALSE
	EndGlobalSection
	GlobalSection(NestedProjects) = preSolution
		{073921E0-4D50-49F6-89D1-48DABA7E5C93} = {C3A99C69-084F-4A86-848D-451E27238F92}
		{2EE8AF79-22D5-4444-887C-D315F3EE5A45} = {475444BB-2A5C-44DE-82B4-3A938D7FAA00}
		{5BC2D854-D8DE-48EB-A42D-738F088D05A5} = {519B9C47-46C5-4AAC-B501-CED2F1E01443}
		{BFF38513-F196-4C54-9896-FA883AA345A8} = {519B9C47-46C5-4AAC-B501-CED2F1E01443}
		{6B454204-2CF9-471F-BFF0-BA7575342664} = {475444BB-2A5C-44DE-82B4-3A938D7FAA00}
	EndGlobalSection
	GlobalSection(ExtensibilityGlobals) = postSolution
		SolutionGuid = {D95E1BAF-0DE3-491D-9405-BE1046531146}
	EndGlobalSection
EndGlobal
